{
  "name": "capacitor-heatmap",
  "version": "0.0.1-alpha.89",
  "lockfileVersion": 1,
  "requires": true,
  "dependencies": {
    "@capacitor/android": {
      "version": "3.2.4",
      "resolved": "https://registry.npmjs.org/@capacitor/android/-/android-3.2.4.tgz",
      "integrity": "sha512-eR4Lw8GCBJ7yGJ4k78a8tXhVU3iqfq8GMBM0KXYtOYe3SWRO+jOD/puFM9CPFD5uF9PtB+0iaqpLjn1YbvfFZw==",
      "dev": true
    },
    "@capacitor/core": {
      "version": "3.2.4",
      "resolved": "https://registry.npmjs.org/@capacitor/core/-/core-3.2.4.tgz",
      "integrity": "sha512-TAo9u2XPN8IH3xqTjOfsUT8PYIC2vwimKIJoff/knZs19WnGATklfcWnXpxUecfm2VFMCggd80FRPgjPOS75Ag==",
      "dev": true,
      "requires": {
        "tslib": "^2.1.0"
      }
    },
    "@capacitor/docgen": {
      "version": "0.0.17",
      "resolved": "https://registry.npmjs.org/@capacitor/docgen/-/docgen-0.0.17.tgz",
      "integrity": "sha512-GvEgnN9da/5MqK2PRpSOVkN1hNzkecGIqXP9wHc2FOvP8xvwHJ8XXdMm4aL01HnqoZM6FY+udRsbdecnMAZajA==",
      "dev": true,
      "requires": {
        "@types/node": "^14.17.3",
        "colorette": "^1.2.2",
        "github-slugger": "^1.3.0",
        "minimist": "^1.2.5",
        "typescript": "~4.2.4"
      },
      "dependencies": {
        "typescript": {
          "version": "4.2.4",
          "resolved": "https://registry.npmjs.org/typescript/-/typescript-4.2.4.tgz",
          "integrity": "sha512-V+evlYHZnQkaz8TRBuxTA92yZBPotr5H+WhQ7bD3hZUndx5tGOa1fuCgeSjxAzM1RiN5IzvadIXTVefuuwZCRg==",
          "dev": true
        }
      }
    },
    "@capacitor/ios": {
      "version": "3.2.4",
      "resolved": "https://registry.npmjs.org/@capacitor/ios/-/ios-3.2.4.tgz",
      "integrity": "sha512-d9ECeZC2uknOGB/IHaapBvuUSpYoM0J202M8Fw4OBPAkc26ysvMreHoCWCB0nd0leks53biI6DJdS60/VbYTWg==",
      "dev": true
    },
    "@types/geojson": {
      "version": "7946.0.8",
      "resolved": "https://registry.npmjs.org/@types/geojson/-/geojson-7946.0.8.tgz",
      "integrity": "sha512-1rkryxURpr6aWP7R786/UQOkJ3PcpQiWkAXBmdWc7ryFWqN6a4xfK7BtjXvFBKO9LjQ+MWQSWxYeZX1OApnArA==",
      "dev": true
    },
    "@types/googlemaps": {
      "version": "3.43.3",
      "resolved": "https://registry.npmjs.org/@types/googlemaps/-/googlemaps-3.43.3.tgz",
      "integrity": "sha512-ZWNoz/O8MPEpiajvj7QiqCY8tTLFNqNZ/a+s+zTV58wFVNAvvqV4bdGfnsjTb5Cs4V6wEsLrX8XRhmnyYJ2Tdg==",
      "dev": true
    },
    "@types/html2canvas": {
      "version": "1.0.0",
      "resolved": "https://registry.npmjs.org/@types/html2canvas/-/html2canvas-1.0.0.tgz",
      "integrity": "sha512-BJpVf+FIN9UERmzhbtUgpXj6XBZpG67FMgBLLoj9HZKd9XifcCpSV+UnFcwTZfEyun4U/KmCrrVOG7829L589w==",
      "dev": true,
      "requires": {
        "html2canvas": "*"
      }
    },
    "@types/leaflet": {
      "version": "1.7.5",
      "resolved": "https://registry.npmjs.org/@types/leaflet/-/leaflet-1.7.5.tgz",
      "integrity": "sha512-+Myo00Yb5OuvUyrH+vUwn9DRgOaBJsF/etIMdMcNhWGBMo58Mo1cxLInvCd0ZpvItju/AeDYFB/Od2pLiHB3VA==",
      "dev": true,
      "requires": {
        "@types/geojson": "*"
      }
    },
    "@types/node": {
      "version": "14.17.21",
      "resolved": "https://registry.npmjs.org/@types/node/-/node-14.17.21.tgz",
      "integrity": "sha512-zv8ukKci1mrILYiQOwGSV4FpkZhyxQtuFWGya2GujWg+zVAeRQ4qbaMmWp9vb9889CFA8JECH7lkwCL6Ygg8kA==",
      "dev": true
    },
    "balanced-match": {
      "version": "1.0.2",
      "resolved": "https://registry.npmjs.org/balanced-match/-/balanced-match-1.0.2.tgz",
      "integrity": "sha512-3oSeUO0TMV67hN1AmbXsK4yaqU7tjiHlbxRDZOpH0KW9+CeX4bRAaX0Anxt0tx2MrpRpWwQaPwIlISEJhYU5Pw==",
      "dev": true
    },
    "base64-arraybuffer": {
      "version": "0.2.0",
      "resolved": "https://registry.npmjs.org/base64-arraybuffer/-/base64-arraybuffer-0.2.0.tgz",
      "integrity": "sha512-7emyCsu1/xiBXgQZrscw/8KPRT44I4Yq9Pe6EGs3aPRTsWuggML1/1DTuZUuIaJPIm1FTDUVXl4x/yW8s0kQDQ=="
    },
    "brace-expansion": {
      "version": "1.1.11",
      "resolved": "https://registry.npmjs.org/brace-expansion/-/brace-expansion-1.1.11.tgz",
      "integrity": "sha512-iCuPHDFgrHX7H2vEI/5xpz07zSHB00TpugqhmYtVmMO6518mCuRMoOYFldEBl0g187ufozdaHgWKcYFb61qGiA==",
      "dev": true,
      "requires": {
        "balanced-match": "^1.0.0",
        "concat-map": "0.0.1"
      }
    },
    "colorette": {
      "version": "1.4.0",
      "resolved": "https://registry.npmjs.org/colorette/-/colorette-1.4.0.tgz",
      "integrity": "sha512-Y2oEozpomLn7Q3HFP7dpww7AtMJplbM9lGZP6RDfHqmbeRjiwRg4n6VM6j4KLmRke85uWEI7JqF17f3pqdRA0g==",
      "dev": true
    },
    "concat-map": {
      "version": "0.0.1",
      "resolved": "https://registry.npmjs.org/concat-map/-/concat-map-0.0.1.tgz",
      "integrity": "sha1-2Klr13/Wjfd5OnMDajug1UBdR3s=",
      "dev": true
    },
    "css-line-break": {
      "version": "2.0.1",
      "resolved": "https://registry.npmjs.org/css-line-break/-/css-line-break-2.0.1.tgz",
      "integrity": "sha512-gwKYIMUn7xodIcb346wgUhE2Dt5O1Kmrc16PWi8sL4FTfyDj8P5095rzH7+O8CTZudJr+uw2GCI/hwEkDJFI2w==",
      "requires": {
        "base64-arraybuffer": "^0.2.0"
      }
    },
    "fs.realpath": {
      "version": "1.0.0",
      "resolved": "https://registry.npmjs.org/fs.realpath/-/fs.realpath-1.0.0.tgz",
      "integrity": "sha1-FQStJSMVjKpA20onh8sBQRmU6k8=",
      "dev": true
    },
    "fsevents": {
      "version": "2.3.2",
      "resolved": "https://registry.npmjs.org/fsevents/-/fsevents-2.3.2.tgz",
      "integrity": "sha512-xiqMQR4xAeHTuB9uWm+fFRcIOgKBMiOBP+eXiyT7jsgVCq1bkVygt00oASowB7EdtpOHaaPgKt812P9ab+DDKA==",
      "dev": true,
      "optional": true
    },
    "github-slugger": {
      "version": "1.4.0",
      "resolved": "https://registry.npmjs.org/github-slugger/-/github-slugger-1.4.0.tgz",
      "integrity": "sha512-w0dzqw/nt51xMVmlaV1+JRzN+oCa1KfcgGEWhxUG16wbdA+Xnt/yoFO8Z8x/V82ZcZ0wy6ln9QDup5avbhiDhQ==",
      "dev": true
    },
    "glob": {
      "version": "7.2.0",
      "resolved": "https://registry.npmjs.org/glob/-/glob-7.2.0.tgz",
      "integrity": "sha512-lmLf6gtyrPq8tTjSmrO94wBeQbFR3HbLHbuyD69wuyQkImp2hWqMGB47OX65FBkPffO641IP9jWa1z4ivqG26Q==",
      "dev": true,
      "requires": {
        "fs.realpath": "^1.0.0",
        "inflight": "^1.0.4",
        "inherits": "2",
        "minimatch": "^3.0.4",
        "once": "^1.3.0",
        "path-is-absolute": "^1.0.0"
      }
    },
    "html2canvas": {
      "version": "1.3.2",
      "resolved": "https://registry.npmjs.org/html2canvas/-/html2canvas-1.3.2.tgz",
      "integrity": "sha512-4+zqv87/a1LsaCrINV69wVLGG8GBZcYBboz1JPWEgiXcWoD9kroLzccsBRU/L9UlfV2MAZ+3J92U9IQPVMDeSQ==",
      "requires": {
        "css-line-break": "2.0.1",
        "text-segmentation": "^1.0.2"
      }
    },
    "inflight": {
      "version": "1.0.6",
      "resolved": "https://registry.npmjs.org/inflight/-/inflight-1.0.6.tgz",
      "integrity": "sha1-Sb1jMdfQLQwJvJEKEHW6gWW1bfk=",
      "dev": true,
      "requires": {
        "once": "^1.3.0",
        "wrappy": "1"
      }
    },
    "inherits": {
      "version": "2.0.4",
      "resolved": "https://registry.npmjs.org/inherits/-/inherits-2.0.4.tgz",
      "integrity": "sha512-k/vGaX4/Yla3WzyMCvTQOXYeIHvqOKtnqBduzTHpzpQZzAskKMhZ2K+EnBiSM9zGSoIFeMpXKxa4dYeZIQqewQ==",
      "dev": true
    },
    "leaflet": {
      "version": "1.7.1",
      "resolved": "https://registry.npmjs.org/leaflet/-/leaflet-1.7.1.tgz",
      "integrity": "sha512-/xwPEBidtg69Q3HlqPdU3DnrXQOvQU/CCHA1tcDQVzOwm91YMYaILjNp7L4Eaw5Z4sOYdbBz6koWyibppd8Zqw=="
    },
    "minimatch": {
      "version": "3.0.4",
      "resolved": "https://registry.npmjs.org/minimatch/-/minimatch-3.0.4.tgz",
      "integrity": "sha512-yJHVQEhyqPLUTgt9B83PXu6W3rx4MvvHvSUvToogpwoGDOUQ+yDrR0HRot+yOCdCO7u4hX3pWft6kWBBcqh0UA==",
      "dev": true,
      "requires": {
        "brace-expansion": "^1.1.7"
      }
    },
    "minimist": {
      "version": "1.2.5",
      "resolved": "https://registry.npmjs.org/minimist/-/minimist-1.2.5.tgz",
      "integrity": "sha512-FM9nNUYrRBAELZQT3xeZQ7fmMOBg6nWNmJKTcgsJeaLstP/UODVpGsr5OhXhhXg6f+qtJ8uiZ+PUxkDWcgIXLw==",
      "dev": true
    },
    "once": {
      "version": "1.4.0",
      "resolved": "https://registry.npmjs.org/once/-/once-1.4.0.tgz",
      "integrity": "sha1-WDsap3WWHUsROsF9nFC6753Xa9E=",
      "dev": true,
      "requires": {
        "wrappy": "1"
      }
    },
    "path-is-absolute": {
      "version": "1.0.1",
      "resolved": "https://registry.npmjs.org/path-is-absolute/-/path-is-absolute-1.0.1.tgz",
      "integrity": "sha1-F0uSaHNVNP+8es5r9TpanhtcX18=",
      "dev": true
    },
    "rimraf": {
      "version": "3.0.2",
      "resolved": "https://registry.npmjs.org/rimraf/-/rimraf-3.0.2.tgz",
      "integrity": "sha512-JZkJMZkAGFFPP2YqXZXPbMlMBgsxzE8ILs4lMIX/2o0L9UBw9O/Y3o6wFw/i9YLapcUJWwqbi3kdxIPdC62TIA==",
      "dev": true,
      "requires": {
        "glob": "^7.1.3"
      }
    },
    "rollup": {
      "version": "2.58.0",
      "resolved": "https://registry.npmjs.org/rollup/-/rollup-2.58.0.tgz",
      "integrity": "sha512-NOXpusKnaRpbS7ZVSzcEXqxcLDOagN6iFS8p45RkoiMqPHDLwJm758UF05KlMoCRbLBTZsPOIa887gZJ1AiXvw==",
      "dev": true,
      "requires": {
        "fsevents": "~2.3.2"
      }
    },
    "text-segmentation": {
      "version": "1.0.2",
      "resolved": "https://registry.npmjs.org/text-segmentation/-/text-segmentation-1.0.2.tgz",
      "integrity": "sha512-uTqvLxdBrVnx/CFQOtnf8tfzSXFm+1Qxau7Xi54j4OPTZokuDOX8qncQzrg2G8ZicAMOM8TgzFAYTb+AqNO4Cw==",
      "requires": {
        "utrie": "^1.0.1"
      }
    },
    "tslib": {
      "version": "2.3.1",
      "resolved": "https://registry.npmjs.org/tslib/-/tslib-2.3.1.tgz",
      "integrity": "sha512-77EbyPPpMz+FRFRuAFlWMtmgUWGe9UOG2Z25NqCwiIjRhOf5iKGuzSe5P2w1laq+FkRy4p+PCuVkJSGkzTEKVw==",
      "dev": true
    },
    "typescript": {
      "version": "3.8.3",
      "resolved": "https://registry.npmjs.org/typescript/-/typescript-3.8.3.tgz",
      "integrity": "sha512-MYlEfn5VrLNsgudQTVJeNaQFUAI7DkhnOjdpAp4T+ku1TfQClewlbSuTVHiA+8skNBgaf02TL/kLOvig4y3G8w==",
      "dev": true
    },
    "utrie": {
      "version": "1.0.1",
      "resolved": "https://registry.npmjs.org/utrie/-/utrie-1.0.1.tgz",
      "integrity": "sha512-JPaDXF3vzgZxfeEwutdGzlrNoVFL5UvZcbO6Qo9D4GoahrieUPoMU8GCpVpR7MQqcKhmShIh8VlbEN3PLM3EBg==",
      "requires": {
        "base64-arraybuffer": "^1.0.1"
      },
      "dependencies": {
        "base64-arraybuffer": {
          "version": "1.0.1",
          "resolved": "https://registry.npmjs.org/base64-arraybuffer/-/base64-arraybuffer-1.0.1.tgz",
          "integrity": "sha512-vFIUq7FdLtjZMhATwDul5RZWv2jpXQ09Pd6jcVEOvIsqCWTRFD/ONHNfyOS8dA/Ippi5dsIgpyKWKZaAKZltbA=="
        }
      }
    },
    "wrappy": {
      "version": "1.0.2",
      "resolved": "https://registry.npmjs.org/wrappy/-/wrappy-1.0.2.tgz",
      "integrity": "sha1-tSQ9jz7BqjXxNkYFvA0QNuMKtp8=",
      "dev": true
    }
  }
}
