{
  "name": "capacitor-heatmap",
  "version": "0.0.1-alpha.89",
  "lockfileVersion": 1,
  "requires": true,
  "dependencies": {
    "@capacitor/android": {
      "version": "2.0.0-beta.0",
      "resolved": "https://registry.npmjs.org/@capacitor/android/-/android-2.0.0-beta.0.tgz",
      "integrity": "sha512-NmhlUS6sJcmYOdPsWg9NZ1idFIdYYWl+Gv8C+YOMTj27oZZrPFERZUbwV66dTDG8L1w/iH307YCWgJ8Kz3XTLw==",
      "dev": true
    },
    "@capacitor/core": {
      "version": "2.0.0-beta.0",
      "resolved": "https://registry.npmjs.org/@capacitor/core/-/core-2.0.0-beta.0.tgz",
      "integrity": "sha512-bGQWj/KFSgiuGEtaRQsG+uXu+s2fNe6I6aGguyFWj4v7tRBo8MAZEghbz1XkRVAHj4u2DE9a0pXBeVQqaR80Zg==",
      "requires": {
        "tslib": "^1.9.0"
      }
    },
    "@capacitor/ios": {
      "version": "2.0.0-beta.0",
      "resolved": "https://registry.npmjs.org/@capacitor/ios/-/ios-2.0.0-beta.0.tgz",
      "integrity": "sha512-k9YhpVNbhTyUUFx+ReQjvybGI1gRNyce7GS5rHrVNe3BE9BEZ+K3/iSxdt+OWMfpKaF6o6PyXSzoGIYGoMxpPg==",
      "dev": true
    },
    "@types/geojson": {
      "version": "7946.0.7",
      "resolved": "https://registry.npmjs.org/@types/geojson/-/geojson-7946.0.7.tgz",
      "integrity": "sha512-wE2v81i4C4Ol09RtsWFAqg3BUitWbHSpSlIo+bNdsCJijO9sjme+zm+73ZMCa/qMC8UEERxzGbvmr1cffo2SiQ=="
    },
    "@types/googlemaps": {
      "version": "3.39.3",
      "resolved": "https://registry.npmjs.org/@types/googlemaps/-/googlemaps-3.39.3.tgz",
      "integrity": "sha512-L8O9HAVFZj0TuiS8h5ORthiMsrrhjxTC8XUusp5k47oXCst4VTm+qWKvrAvmYMybZVokbp4Udco1mNwJrTNZPQ=="
    },
    "@types/html2canvas": {
      "version": "0.0.35",
      "resolved": "https://registry.npmjs.org/@types/html2canvas/-/html2canvas-0.0.35.tgz",
      "integrity": "sha512-28p0/yNwXnvGWQK3rEIBj7NHNQoBXuX0ymcCNjSYR/i0Vk9z+xrKCQZPvsrEmurx9vs4B/eHGbOaJY/a9CXdSg==",
      "requires": {
        "@types/jquery": "*"
      }
    },
    "@types/jquery": {
      "version": "3.3.33",
      "resolved": "https://registry.npmjs.org/@types/jquery/-/jquery-3.3.33.tgz",
      "integrity": "sha512-U6IdXYGkfUI42SR79vB2Spj+h1Ly3J3UZjpd8mi943lh126TK7CB+HZOxGh2nM3IySor7wqVQdemD/xtydsBKA==",
      "requires": {
        "@types/sizzle": "*"
      }
    },
    "@types/leaflet": {
      "version": "1.5.12",
      "resolved": "https://registry.npmjs.org/@types/leaflet/-/leaflet-1.5.12.tgz",
      "integrity": "sha512-61HRMIng+bWvnnAIqUWLBlrd/TQZc4gU+gN1JL4K47EDtwIrcMEhWgi7PdcpbG1YmpH4F0EfOimkvV82gJIl9w==",
      "requires": {
        "@types/geojson": "*"
      }
    },
    "@types/sizzle": {
      "version": "2.3.2",
      "resolved": "https://registry.npmjs.org/@types/sizzle/-/sizzle-2.3.2.tgz",
      "integrity": "sha512-7EJYyKTL7tFR8+gDbB6Wwz/arpGa0Mywk1TJbNzKzHtzbwVmY4HR9WqS5VV7dsBUKQmPNr192jHr/VpBluj/hg=="
    },
    "base64-arraybuffer": {
      "version": "0.2.0",
      "resolved": "https://registry.npmjs.org/base64-arraybuffer/-/base64-arraybuffer-0.2.0.tgz",
      "integrity": "sha512-7emyCsu1/xiBXgQZrscw/8KPRT44I4Yq9Pe6EGs3aPRTsWuggML1/1DTuZUuIaJPIm1FTDUVXl4x/yW8s0kQDQ=="
    },
    "css-line-break": {
      "version": "1.1.1",
      "resolved": "https://registry.npmjs.org/css-line-break/-/css-line-break-1.1.1.tgz",
      "integrity": "sha512-1feNVaM4Fyzdj4mKPIQNL2n70MmuYzAXZ1aytlROFX1JsOo070OsugwGjj7nl6jnDJWHDM8zRZswkmeYVWZJQA==",
      "requires": {
        "base64-arraybuffer": "^0.2.0"
      }
    },
    "html2canvas": {
      "version": "1.0.0-rc.5",
      "resolved": "https://registry.npmjs.org/html2canvas/-/html2canvas-1.0.0-rc.5.tgz",
      "integrity": "sha512-DtNqPxJNXPoTajs+lVQzGS1SULRI4GQaROeU5R41xH8acffHukxRh/NBVcTBsfCkJSkLq91rih5TpbEwUP9yWA==",
      "requires": {
        "css-line-break": "1.1.1"
      }
    },
    "leaflet": {
      "version": "1.6.0",
      "resolved": "https://registry.npmjs.org/leaflet/-/leaflet-1.6.0.tgz",
      "integrity": "sha512-CPkhyqWUKZKFJ6K8umN5/D2wrJ2+/8UIpXppY7QDnUZW5bZL5+SEI2J7GBpwh4LIupOKqbNSQXgqmrEJopHVNQ=="
    },
    "tslib": {
      "version": "1.11.1",
      "resolved": "https://registry.npmjs.org/tslib/-/tslib-1.11.1.tgz",
      "integrity": "sha512-aZW88SY8kQbU7gpV19lN24LtXh/yD4ZZg6qieAJDDg+YBsJcSmLGK9QpnUjAKVG/xefmvJGd1WUmfpT/g6AJGA=="
    },
    "typescript": {
      "version": "3.8.3",
      "resolved": "https://registry.npmjs.org/typescript/-/typescript-3.8.3.tgz",
      "integrity": "sha512-MYlEfn5VrLNsgudQTVJeNaQFUAI7DkhnOjdpAp4T+ku1TfQClewlbSuTVHiA+8skNBgaf02TL/kLOvig4y3G8w==",
      "dev": true
    }
  }
}
